
Microsoft Visual Studio Solution File, Format Version 12.00
# Visual Studio Version 17
VisualStudioVersion = 17.4.33110.190
MinimumVisualStudioVersion = 10.0.40219.1
Project("{FAE04EC0-301F-11D3-BF4B-00C04F79EFBC}") = "Magazyn", "Magazyn\Magazyn.csproj", "{DF091C08-C41F-4F97-BDC8-0EB810820469}"
EndProject
Global
	GlobalSection(SolutionConfigurationPlatforms) = preSolution
		Debug|Any CPU = Debug|Any CPU
		Release|Any CPU = Release|Any CPU
	EndGlobalSection
	GlobalSection(ProjectConfigurationPlatforms) = postSolution
		{DF091C08-C41F-4F97-BDC8-0EB810820469}.Debug|Any CPU.ActiveCfg = Debug|Any CPU
		{DF091C08-C41F-4F97-BDC8-0EB810820469}.Debug|Any CPU.Build.0 = Debug|Any CPU
		{DF091C08-C41F-4F97-BDC8-0EB810820469}.Release|Any CPU.ActiveCfg = Release|Any CPU
		{DF091C08-C41F-4F97-BDC8-0EB810820469}.Release|Any CPU.Build.0 = Release|Any CPU
	EndGlobalSection
	GlobalSection(SolutionProperties) = preSolution
		HideSolutionNode = FALSE
	EndGlobalSection
	GlobalSection(ExtensibilityGlobals) = postSolution
		SolutionGuid = {21ACBA13-B636-4EA5-8D6C-E75207FBF1FB}
	EndGlobalSection
EndGlobal
